
Microsoft Visual Studio Solution File, Format Version 12.00
# Visual Studio Version 17
VisualStudioVersion = 17.7.34024.191
MinimumVisualStudioVersion = 10.0.40219.1
Project("{FAE04EC0-301F-11D3-BF4B-00C04F79EFBC}") = "christmasgift", "christmasgift.csproj", "{AF651DD5-9936-40F0-A8E3-882D9A838C8E}"
EndProject
Global
	GlobalSection(SolutionConfigurationPlatforms) = preSolution
		Debug|Any CPU = Debug|Any CPU
		Release|Any CPU = Release|Any CPU
	EndGlobalSection
	GlobalSection(ProjectConfigurationPlatforms) = postSolution
		{AF651DD5-9936-40F0-A8E3-882D9A838C8E}.Debug|Any CPU.ActiveCfg = Debug|Any CPU
		{AF651DD5-9936-40F0-A8E3-882D9A838C8E}.Debug|Any CPU.Build.0 = Debug|Any CPU
		{AF651DD5-9936-40F0-A8E3-882D9A838C8E}.Release|Any CPU.ActiveCfg = Release|Any CPU
		{AF651DD5-9936-40F0-A8E3-882D9A838C8E}.Release|Any CPU.Build.0 = Release|Any CPU
	EndGlobalSection
	GlobalSection(SolutionProperties) = preSolution
		HideSolutionNode = FALSE
	EndGlobalSection
	GlobalSection(ExtensibilityGlobals) = postSolution
		SolutionGuid = {0283E1BB-3433-47AB-B102-C73159A410BA}
	EndGlobalSection
EndGlobal
